
Microsoft Visual Studio Solution File, Format Version 12.00
# Visual Studio 15
VisualStudioVersion = 15.0.27130.2036
MinimumVisualStudioVersion = 10.0.40219.1
Project("{FAE04EC0-301F-11D3-BF4B-00C04F79EFBC}") = "Learn.Droid", "Learn\Droid\Learn.Droid.csproj", "{3E938382-A331-4D6E-90DA-866C3500F96A}"
EndProject
Project("{9A19103F-16F7-4668-BE54-9A1E7A4F7556}") = "Learn.Core", "Learn\Core\Learn.Core.csproj", "{C3060E03-DF8C-4422-8EA2-B80BF41DF56A}"
EndProject
Project("{2150E333-8FDC-42A3-9474-1A3956D46DE8}") = "Libraries", "Libraries", "{43596FB4-1024-46F6-9C09-B92E744FCEE3}"
EndProject
Project("{9A19103F-16F7-4668-BE54-9A1E7A4F7556}") = "ReactiveUI.Autofac", "Libraries\ReactiveUI.Autofac\ReactiveUI.Autofac.csproj", "{08CEA784-574A-4CFF-885A-D57AF14D58B3}"
EndProject
Global
	GlobalSection(SolutionConfigurationPlatforms) = preSolution
		Ad-Hoc|Any CPU = Ad-Hoc|Any CPU
		Ad-Hoc|ARM = Ad-Hoc|ARM
		Ad-Hoc|iPhone = Ad-Hoc|iPhone
		Ad-Hoc|iPhoneSimulator = Ad-Hoc|iPhoneSimulator
		Ad-Hoc|x64 = Ad-Hoc|x64
		Ad-Hoc|x86 = Ad-Hoc|x86
		AppStore|Any CPU = AppStore|Any CPU
		AppStore|ARM = AppStore|ARM
		AppStore|iPhone = AppStore|iPhone
		AppStore|iPhoneSimulator = AppStore|iPhoneSimulator
		AppStore|x64 = AppStore|x64
		AppStore|x86 = AppStore|x86
		Debug|Any CPU = Debug|Any CPU
		Debug|ARM = Debug|ARM
		Debug|iPhone = Debug|iPhone
		Debug|iPhoneSimulator = Debug|iPhoneSimulator
		Debug|x64 = Debug|x64
		Debug|x86 = Debug|x86
		Debug-Mocks|Any CPU = Debug-Mocks|Any CPU
		Debug-Mocks|ARM = Debug-Mocks|ARM
		Debug-Mocks|iPhone = Debug-Mocks|iPhone
		Debug-Mocks|iPhoneSimulator = Debug-Mocks|iPhoneSimulator
		Debug-Mocks|x64 = Debug-Mocks|x64
		Debug-Mocks|x86 = Debug-Mocks|x86
		Release|Any CPU = Release|Any CPU
		Release|ARM = Release|ARM
		Release|iPhone = Release|iPhone
		Release|iPhoneSimulator = Release|iPhoneSimulator
		Release|x64 = Release|x64
		Release|x86 = Release|x86
	EndGlobalSection
	GlobalSection(ProjectConfigurationPlatforms) = postSolution
		{3E938382-A331-4D6E-90DA-866C3500F96A}.Ad-Hoc|Any CPU.ActiveCfg = Release|Any CPU
		{3E938382-A331-4D6E-90DA-866C3500F96A}.Ad-Hoc|Any CPU.Build.0 = Release|Any CPU
		{3E938382-A331-4D6E-90DA-866C3500F96A}.Ad-Hoc|Any CPU.Deploy.0 = Release|Any CPU
		{3E938382-A331-4D6E-90DA-866C3500F96A}.Ad-Hoc|ARM.ActiveCfg = Release|Any CPU
		{3E938382-A331-4D6E-90DA-866C3500F96A}.Ad-Hoc|ARM.Build.0 = Release|Any CPU
		{3E938382-A331-4D6E-90DA-866C3500F96A}.Ad-Hoc|ARM.Deploy.0 = Release|Any CPU
		{3E938382-A331-4D6E-90DA-866C3500F96A}.Ad-Hoc|iPhone.ActiveCfg = Release|Any CPU
		{3E938382-A331-4D6E-90DA-866C3500F96A}.Ad-Hoc|iPhone.Build.0 = Release|Any CPU
		{3E938382-A331-4D6E-90DA-866C3500F96A}.Ad-Hoc|iPhone.Deploy.0 = Release|Any CPU
		{3E938382-A331-4D6E-90DA-866C3500F96A}.Ad-Hoc|iPhoneSimulator.ActiveCfg = Release|Any CPU
		{3E938382-A331-4D6E-90DA-866C3500F96A}.Ad-Hoc|iPhoneSimulator.Build.0 = Release|Any CPU
		{3E938382-A331-4D6E-90DA-866C3500F96A}.Ad-Hoc|iPhoneSimulator.Deploy.0 = Release|Any CPU
		{3E938382-A331-4D6E-90DA-866C3500F96A}.Ad-Hoc|x64.ActiveCfg = Release|Any CPU
		{3E938382-A331-4D6E-90DA-866C3500F96A}.Ad-Hoc|x64.Build.0 = Release|Any CPU
		{3E938382-A331-4D6E-90DA-866C3500F96A}.Ad-Hoc|x64.Deploy.0 = Release|Any CPU
		{3E938382-A331-4D6E-90DA-866C3500F96A}.Ad-Hoc|x86.ActiveCfg = Release|Any CPU
		{3E938382-A331-4D6E-90DA-866C3500F96A}.Ad-Hoc|x86.Build.0 = Release|Any CPU
		{3E938382-A331-4D6E-90DA-866C3500F96A}.Ad-Hoc|x86.Deploy.0 = Release|Any CPU
		{3E938382-A331-4D6E-90DA-866C3500F96A}.AppStore|Any CPU.ActiveCfg = Release|Any CPU
		{3E938382-A331-4D6E-90DA-866C3500F96A}.AppStore|Any CPU.Build.0 = Release|Any CPU
		{3E938382-A331-4D6E-90DA-866C3500F96A}.AppStore|Any CPU.Deploy.0 = Release|Any CPU
		{3E938382-A331-4D6E-90DA-866C3500F96A}.AppStore|ARM.ActiveCfg = Release|Any CPU
		{3E938382-A331-4D6E-90DA-866C3500F96A}.AppStore|ARM.Build.0 = Release|Any CPU
		{3E938382-A331-4D6E-90DA-866C3500F96A}.AppStore|ARM.Deploy.0 = Release|Any CPU
		{3E938382-A331-4D6E-90DA-866C3500F96A}.AppStore|iPhone.ActiveCfg = Release|Any CPU
		{3E938382-A331-4D6E-90DA-866C3500F96A}.AppStore|iPhone.Build.0 = Release|Any CPU
		{3E938382-A331-4D6E-90DA-866C3500F96A}.AppStore|iPhone.Deploy.0 = Release|Any CPU
		{3E938382-A331-4D6E-90DA-866C3500F96A}.AppStore|iPhoneSimulator.ActiveCfg = Release|Any CPU
		{3E938382-A331-4D6E-90DA-866C3500F96A}.AppStore|iPhoneSimulator.Build.0 = Release|Any CPU
		{3E938382-A331-4D6E-90DA-866C3500F96A}.AppStore|iPhoneSimulator.Deploy.0 = Release|Any CPU
		{3E938382-A331-4D6E-90DA-866C3500F96A}.AppStore|x64.ActiveCfg = Release|Any CPU
		{3E938382-A331-4D6E-90DA-866C3500F96A}.AppStore|x64.Build.0 = Release|Any CPU
		{3E938382-A331-4D6E-90DA-866C3500F96A}.AppStore|x64.Deploy.0 = Release|Any CPU
		{3E938382-A331-4D6E-90DA-866C3500F96A}.AppStore|x86.ActiveCfg = Release|Any CPU
		{3E938382-A331-4D6E-90DA-866C3500F96A}.AppStore|x86.Build.0 = Release|Any CPU
		{3E938382-A331-4D6E-90DA-866C3500F96A}.AppStore|x86.Deploy.0 = Release|Any CPU
		{3E938382-A331-4D6E-90DA-866C3500F96A}.Debug|Any CPU.ActiveCfg = Debug|Any CPU
		{3E938382-A331-4D6E-90DA-866C3500F96A}.Debug|Any CPU.Build.0 = Debug|Any CPU
		{3E938382-A331-4D6E-90DA-866C3500F96A}.Debug|Any CPU.Deploy.0 = Debug|Any CPU
		{3E938382-A331-4D6E-90DA-866C3500F96A}.Debug|ARM.ActiveCfg = Debug|Any CPU
		{3E938382-A331-4D6E-90DA-866C3500F96A}.Debug|ARM.Build.0 = Debug|Any CPU
		{3E938382-A331-4D6E-90DA-866C3500F96A}.Debug|ARM.Deploy.0 = Debug|Any CPU
		{3E938382-A331-4D6E-90DA-866C3500F96A}.Debug|iPhone.ActiveCfg = Debug|Any CPU
		{3E938382-A331-4D6E-90DA-866C3500F96A}.Debug|iPhone.Build.0 = Debug|Any CPU
		{3E938382-A331-4D6E-90DA-866C3500F96A}.Debug|iPhone.Deploy.0 = Debug|Any CPU
		{3E938382-A331-4D6E-90DA-866C3500F96A}.Debug|iPhoneSimulator.ActiveCfg = Debug|Any CPU
		{3E938382-A331-4D6E-90DA-866C3500F96A}.Debug|iPhoneSimulator.Build.0 = Debug|Any CPU
		{3E938382-A331-4D6E-90DA-866C3500F96A}.Debug|iPhoneSimulator.Deploy.0 = Debug|Any CPU
		{3E938382-A331-4D6E-90DA-866C3500F96A}.Debug|x64.ActiveCfg = Debug|Any CPU
		{3E938382-A331-4D6E-90DA-866C3500F96A}.Debug|x64.Build.0 = Debug|Any CPU
		{3E938382-A331-4D6E-90DA-866C3500F96A}.Debug|x64.Deploy.0 = Debug|Any CPU
		{3E938382-A331-4D6E-90DA-866C3500F96A}.Debug|x86.ActiveCfg = Debug|Any CPU
		{3E938382-A331-4D6E-90DA-866C3500F96A}.Debug|x86.Build.0 = Debug|Any CPU
		{3E938382-A331-4D6E-90DA-866C3500F96A}.Debug|x86.Deploy.0 = Debug|Any CPU
		{3E938382-A331-4D6E-90DA-866C3500F96A}.Debug-Mocks|Any CPU.ActiveCfg = Debug-Mocks|Any CPU
		{3E938382-A331-4D6E-90DA-866C3500F96A}.Debug-Mocks|Any CPU.Build.0 = Debug-Mocks|Any CPU
		{3E938382-A331-4D6E-90DA-866C3500F96A}.Debug-Mocks|Any CPU.Deploy.0 = Debug-Mocks|Any CPU
		{3E938382-A331-4D6E-90DA-866C3500F96A}.Debug-Mocks|ARM.ActiveCfg = Debug-Mocks|Any CPU
		{3E938382-A331-4D6E-90DA-866C3500F96A}.Debug-Mocks|ARM.Build.0 = Debug-Mocks|Any CPU
		{3E938382-A331-4D6E-90DA-866C3500F96A}.Debug-Mocks|ARM.Deploy.0 = Debug-Mocks|Any CPU
		{3E938382-A331-4D6E-90DA-866C3500F96A}.Debug-Mocks|iPhone.ActiveCfg = Debug-Mocks|Any CPU
		{3E938382-A331-4D6E-90DA-866C3500F96A}.Debug-Mocks|iPhone.Build.0 = Debug-Mocks|Any CPU
		{3E938382-A331-4D6E-90DA-866C3500F96A}.Debug-Mocks|iPhone.Deploy.0 = Debug-Mocks|Any CPU
		{3E938382-A331-4D6E-90DA-866C3500F96A}.Debug-Mocks|iPhoneSimulator.ActiveCfg = Debug-Mocks|Any CPU
		{3E938382-A331-4D6E-90DA-866C3500F96A}.Debug-Mocks|iPhoneSimulator.Build.0 = Debug-Mocks|Any CPU
		{3E938382-A331-4D6E-90DA-866C3500F96A}.Debug-Mocks|iPhoneSimulator.Deploy.0 = Debug-Mocks|Any CPU
		{3E938382-A331-4D6E-90DA-866C3500F96A}.Debug-Mocks|x64.ActiveCfg = Debug-Mocks|Any CPU
		{3E938382-A331-4D6E-90DA-866C3500F96A}.Debug-Mocks|x64.Build.0 = Debug-Mocks|Any CPU
		{3E938382-A331-4D6E-90DA-866C3500F96A}.Debug-Mocks|x64.Deploy.0 = Debug-Mocks|Any CPU
		{3E938382-A331-4D6E-90DA-866C3500F96A}.Debug-Mocks|x86.ActiveCfg = Debug-Mocks|Any CPU
		{3E938382-A331-4D6E-90DA-866C3500F96A}.Debug-Mocks|x86.Build.0 = Debug-Mocks|Any CPU
		{3E938382-A331-4D6E-90DA-866C3500F96A}.Debug-Mocks|x86.Deploy.0 = Debug-Mocks|Any CPU
		{3E938382-A331-4D6E-90DA-866C3500F96A}.Release|Any CPU.ActiveCfg = Release|Any CPU
		{3E938382-A331-4D6E-90DA-866C3500F96A}.Release|Any CPU.Build.0 = Release|Any CPU
		{3E938382-A331-4D6E-90DA-866C3500F96A}.Release|Any CPU.Deploy.0 = Release|Any CPU
		{3E938382-A331-4D6E-90DA-866C3500F96A}.Release|ARM.ActiveCfg = Release|Any CPU
		{3E938382-A331-4D6E-90DA-866C3500F96A}.Release|ARM.Build.0 = Release|Any CPU
		{3E938382-A331-4D6E-90DA-866C3500F96A}.Release|ARM.Deploy.0 = Release|Any CPU
		{3E938382-A331-4D6E-90DA-866C3500F96A}.Release|iPhone.ActiveCfg = Release|Any CPU
		{3E938382-A331-4D6E-90DA-866C3500F96A}.Release|iPhone.Build.0 = Release|Any CPU
		{3E938382-A331-4D6E-90DA-866C3500F96A}.Release|iPhone.Deploy.0 = Release|Any CPU
		{3E938382-A331-4D6E-90DA-866C3500F96A}.Release|iPhoneSimulator.ActiveCfg = Release|Any CPU
		{3E938382-A331-4D6E-90DA-866C3500F96A}.Release|iPhoneSimulator.Build.0 = Release|Any CPU
		{3E938382-A331-4D6E-90DA-866C3500F96A}.Release|iPhoneSimulator.Deploy.0 = Release|Any CPU
		{3E938382-A331-4D6E-90DA-866C3500F96A}.Release|x64.ActiveCfg = Release|Any CPU
		{3E938382-A331-4D6E-90DA-866C3500F96A}.Release|x64.Build.0 = Release|Any CPU
		{3E938382-A331-4D6E-90DA-866C3500F96A}.Release|x64.Deploy.0 = Release|Any CPU
		{3E938382-A331-4D6E-90DA-866C3500F96A}.Release|x86.ActiveCfg = Release|Any CPU
		{3E938382-A331-4D6E-90DA-866C3500F96A}.Release|x86.Build.0 = Release|Any CPU
		{3E938382-A331-4D6E-90DA-866C3500F96A}.Release|x86.Deploy.0 = Release|Any CPU
		{C3060E03-DF8C-4422-8EA2-B80BF41DF56A}.Ad-Hoc|Any CPU.ActiveCfg = Debug|Any CPU
		{C3060E03-DF8C-4422-8EA2-B80BF41DF56A}.Ad-Hoc|Any CPU.Build.0 = Debug|Any CPU
		{C3060E03-DF8C-4422-8EA2-B80BF41DF56A}.Ad-Hoc|ARM.ActiveCfg = Debug|Any CPU
		{C3060E03-DF8C-4422-8EA2-B80BF41DF56A}.Ad-Hoc|ARM.Build.0 = Debug|Any CPU
		{C3060E03-DF8C-4422-8EA2-B80BF41DF56A}.Ad-Hoc|iPhone.ActiveCfg = Debug|Any CPU
		{C3060E03-DF8C-4422-8EA2-B80BF41DF56A}.Ad-Hoc|iPhone.Build.0 = Debug|Any CPU
		{C3060E03-DF8C-4422-8EA2-B80BF41DF56A}.Ad-Hoc|iPhoneSimulator.ActiveCfg = Debug|Any CPU
		{C3060E03-DF8C-4422-8EA2-B80BF41DF56A}.Ad-Hoc|iPhoneSimulator.Build.0 = Debug|Any CPU
		{C3060E03-DF8C-4422-8EA2-B80BF41DF56A}.Ad-Hoc|x64.ActiveCfg = Debug|Any CPU
		{C3060E03-DF8C-4422-8EA2-B80BF41DF56A}.Ad-Hoc|x64.Build.0 = Debug|Any CPU
		{C3060E03-DF8C-4422-8EA2-B80BF41DF56A}.Ad-Hoc|x86.ActiveCfg = Debug|Any CPU
		{C3060E03-DF8C-4422-8EA2-B80BF41DF56A}.Ad-Hoc|x86.Build.0 = Debug|Any CPU
		{C3060E03-DF8C-4422-8EA2-B80BF41DF56A}.AppStore|Any CPU.ActiveCfg = Debug|Any CPU
		{C3060E03-DF8C-4422-8EA2-B80BF41DF56A}.AppStore|Any CPU.Build.0 = Debug|Any CPU
		{C3060E03-DF8C-4422-8EA2-B80BF41DF56A}.AppStore|ARM.ActiveCfg = Debug|Any CPU
		{C3060E03-DF8C-4422-8EA2-B80BF41DF56A}.AppStore|ARM.Build.0 = Debug|Any CPU
		{C3060E03-DF8C-4422-8EA2-B80BF41DF56A}.AppStore|iPhone.ActiveCfg = Debug|Any CPU
		{C3060E03-DF8C-4422-8EA2-B80BF41DF56A}.AppStore|iPhone.Build.0 = Debug|Any CPU
		{C3060E03-DF8C-4422-8EA2-B80BF41DF56A}.AppStore|iPhoneSimulator.ActiveCfg = Debug|Any CPU
		{C3060E03-DF8C-4422-8EA2-B80BF41DF56A}.AppStore|iPhoneSimulator.Build.0 = Debug|Any CPU
		{C3060E03-DF8C-4422-8EA2-B80BF41DF56A}.AppStore|x64.ActiveCfg = Debug|Any CPU
		{C3060E03-DF8C-4422-8EA2-B80BF41DF56A}.AppStore|x64.Build.0 = Debug|Any CPU
		{C3060E03-DF8C-4422-8EA2-B80BF41DF56A}.AppStore|x86.ActiveCfg = Debug|Any CPU
		{C3060E03-DF8C-4422-8EA2-B80BF41DF56A}.AppStore|x86.Build.0 = Debug|Any CPU
		{C3060E03-DF8C-4422-8EA2-B80BF41DF56A}.Debug|Any CPU.ActiveCfg = Debug|Any CPU
		{C3060E03-DF8C-4422-8EA2-B80BF41DF56A}.Debug|Any CPU.Build.0 = Debug|Any CPU
		{C3060E03-DF8C-4422-8EA2-B80BF41DF56A}.Debug|ARM.ActiveCfg = Debug|Any CPU
		{C3060E03-DF8C-4422-8EA2-B80BF41DF56A}.Debug|ARM.Build.0 = Debug|Any CPU
		{C3060E03-DF8C-4422-8EA2-B80BF41DF56A}.Debug|iPhone.ActiveCfg = Debug|Any CPU
		{C3060E03-DF8C-4422-8EA2-B80BF41DF56A}.Debug|iPhone.Build.0 = Debug|Any CPU
		{C3060E03-DF8C-4422-8EA2-B80BF41DF56A}.Debug|iPhoneSimulator.ActiveCfg = Debug|Any CPU
		{C3060E03-DF8C-4422-8EA2-B80BF41DF56A}.Debug|iPhoneSimulator.Build.0 = Debug|Any CPU
		{C3060E03-DF8C-4422-8EA2-B80BF41DF56A}.Debug|x64.ActiveCfg = Debug|Any CPU
		{C3060E03-DF8C-4422-8EA2-B80BF41DF56A}.Debug|x64.Build.0 = Debug|Any CPU
		{C3060E03-DF8C-4422-8EA2-B80BF41DF56A}.Debug|x86.ActiveCfg = Debug|Any CPU
		{C3060E03-DF8C-4422-8EA2-B80BF41DF56A}.Debug|x86.Build.0 = Debug|Any CPU
		{C3060E03-DF8C-4422-8EA2-B80BF41DF56A}.Debug-Mocks|Any CPU.ActiveCfg = Debug-Mocks|Any CPU
		{C3060E03-DF8C-4422-8EA2-B80BF41DF56A}.Debug-Mocks|Any CPU.Build.0 = Debug-Mocks|Any CPU
		{C3060E03-DF8C-4422-8EA2-B80BF41DF56A}.Debug-Mocks|ARM.ActiveCfg = Debug-Mocks|Any CPU
		{C3060E03-DF8C-4422-8EA2-B80BF41DF56A}.Debug-Mocks|ARM.Build.0 = Debug-Mocks|Any CPU
		{C3060E03-DF8C-4422-8EA2-B80BF41DF56A}.Debug-Mocks|iPhone.ActiveCfg = Debug-Mocks|Any CPU
		{C3060E03-DF8C-4422-8EA2-B80BF41DF56A}.Debug-Mocks|iPhone.Build.0 = Debug-Mocks|Any CPU
		{C3060E03-DF8C-4422-8EA2-B80BF41DF56A}.Debug-Mocks|iPhoneSimulator.ActiveCfg = Debug-Mocks|Any CPU
		{C3060E03-DF8C-4422-8EA2-B80BF41DF56A}.Debug-Mocks|iPhoneSimulator.Build.0 = Debug-Mocks|Any CPU
		{C3060E03-DF8C-4422-8EA2-B80BF41DF56A}.Debug-Mocks|x64.ActiveCfg = Debug-Mocks|Any CPU
		{C3060E03-DF8C-4422-8EA2-B80BF41DF56A}.Debug-Mocks|x64.Build.0 = Debug-Mocks|Any CPU
		{C3060E03-DF8C-4422-8EA2-B80BF41DF56A}.Debug-Mocks|x86.ActiveCfg = Debug-Mocks|Any CPU
		{C3060E03-DF8C-4422-8EA2-B80BF41DF56A}.Debug-Mocks|x86.Build.0 = Debug-Mocks|Any CPU
		{C3060E03-DF8C-4422-8EA2-B80BF41DF56A}.Release|Any CPU.ActiveCfg = Release|Any CPU
		{C3060E03-DF8C-4422-8EA2-B80BF41DF56A}.Release|Any CPU.Build.0 = Release|Any CPU
		{C3060E03-DF8C-4422-8EA2-B80BF41DF56A}.Release|ARM.ActiveCfg = Release|Any CPU
		{C3060E03-DF8C-4422-8EA2-B80BF41DF56A}.Release|ARM.Build.0 = Release|Any CPU
		{C3060E03-DF8C-4422-8EA2-B80BF41DF56A}.Release|iPhone.ActiveCfg = Release|Any CPU
		{C3060E03-DF8C-4422-8EA2-B80BF41DF56A}.Release|iPhone.Build.0 = Release|Any CPU
		{C3060E03-DF8C-4422-8EA2-B80BF41DF56A}.Release|iPhoneSimulator.ActiveCfg = Release|Any CPU
		{C3060E03-DF8C-4422-8EA2-B80BF41DF56A}.Release|iPhoneSimulator.Build.0 = Release|Any CPU
		{C3060E03-DF8C-4422-8EA2-B80BF41DF56A}.Release|x64.ActiveCfg = Release|Any CPU
		{C3060E03-DF8C-4422-8EA2-B80BF41DF56A}.Release|x64.Build.0 = Release|Any CPU
		{C3060E03-DF8C-4422-8EA2-B80BF41DF56A}.Release|x86.ActiveCfg = Release|Any CPU
		{C3060E03-DF8C-4422-8EA2-B80BF41DF56A}.Release|x86.Build.0 = Release|Any CPU
		{08CEA784-574A-4CFF-885A-D57AF14D58B3}.Ad-Hoc|Any CPU.ActiveCfg = Debug|Any CPU
		{08CEA784-574A-4CFF-885A-D57AF14D58B3}.Ad-Hoc|Any CPU.Build.0 = Debug|Any CPU
		{08CEA784-574A-4CFF-885A-D57AF14D58B3}.Ad-Hoc|ARM.ActiveCfg = Debug|Any CPU
		{08CEA784-574A-4CFF-885A-D57AF14D58B3}.Ad-Hoc|ARM.Build.0 = Debug|Any CPU
		{08CEA784-574A-4CFF-885A-D57AF14D58B3}.Ad-Hoc|iPhone.ActiveCfg = Debug|Any CPU
		{08CEA784-574A-4CFF-885A-D57AF14D58B3}.Ad-Hoc|iPhone.Build.0 = Debug|Any CPU
		{08CEA784-574A-4CFF-885A-D57AF14D58B3}.Ad-Hoc|iPhoneSimulator.ActiveCfg = Debug|Any CPU
		{08CEA784-574A-4CFF-885A-D57AF14D58B3}.Ad-Hoc|iPhoneSimulator.Build.0 = Debug|Any CPU
		{08CEA784-574A-4CFF-885A-D57AF14D58B3}.Ad-Hoc|x64.ActiveCfg = Debug|Any CPU
		{08CEA784-574A-4CFF-885A-D57AF14D58B3}.Ad-Hoc|x64.Build.0 = Debug|Any CPU
		{08CEA784-574A-4CFF-885A-D57AF14D58B3}.Ad-Hoc|x86.ActiveCfg = Debug|Any CPU
		{08CEA784-574A-4CFF-885A-D57AF14D58B3}.Ad-Hoc|x86.Build.0 = Debug|Any CPU
		{08CEA784-574A-4CFF-885A-D57AF14D58B3}.AppStore|Any CPU.ActiveCfg = Debug|Any CPU
		{08CEA784-574A-4CFF-885A-D57AF14D58B3}.AppStore|Any CPU.Build.0 = Debug|Any CPU
		{08CEA784-574A-4CFF-885A-D57AF14D58B3}.AppStore|ARM.ActiveCfg = Debug|Any CPU
		{08CEA784-574A-4CFF-885A-D57AF14D58B3}.AppStore|ARM.Build.0 = Debug|Any CPU
		{08CEA784-574A-4CFF-885A-D57AF14D58B3}.AppStore|iPhone.ActiveCfg = Debug|Any CPU
		{08CEA784-574A-4CFF-885A-D57AF14D58B3}.AppStore|iPhone.Build.0 = Debug|Any CPU
		{08CEA784-574A-4CFF-885A-D57AF14D58B3}.AppStore|iPhoneSimulator.ActiveCfg = Debug|Any CPU
		{08CEA784-574A-4CFF-885A-D57AF14D58B3}.AppStore|iPhoneSimulator.Build.0 = Debug|Any CPU
		{08CEA784-574A-4CFF-885A-D57AF14D58B3}.AppStore|x64.ActiveCfg = Debug|Any CPU
		{08CEA784-574A-4CFF-885A-D57AF14D58B3}.AppStore|x64.Build.0 = Debug|Any CPU
		{08CEA784-574A-4CFF-885A-D57AF14D58B3}.AppStore|x86.ActiveCfg = Debug|Any CPU
		{08CEA784-574A-4CFF-885A-D57AF14D58B3}.AppStore|x86.Build.0 = Debug|Any CPU
		{08CEA784-574A-4CFF-885A-D57AF14D58B3}.Debug|Any CPU.ActiveCfg = Debug|Any CPU
		{08CEA784-574A-4CFF-885A-D57AF14D58B3}.Debug|Any CPU.Build.0 = Debug|Any CPU
		{08CEA784-574A-4CFF-885A-D57AF14D58B3}.Debug|ARM.ActiveCfg = Debug|Any CPU
		{08CEA784-574A-4CFF-885A-D57AF14D58B3}.Debug|ARM.Build.0 = Debug|Any CPU
		{08CEA784-574A-4CFF-885A-D57AF14D58B3}.Debug|iPhone.ActiveCfg = Debug|Any CPU
		{08CEA784-574A-4CFF-885A-D57AF14D58B3}.Debug|iPhone.Build.0 = Debug|Any CPU
		{08CEA784-574A-4CFF-885A-D57AF14D58B3}.Debug|iPhoneSimulator.ActiveCfg = Debug|Any CPU
		{08CEA784-574A-4CFF-885A-D57AF14D58B3}.Debug|iPhoneSimulator.Build.0 = Debug|Any CPU
		{08CEA784-574A-4CFF-885A-D57AF14D58B3}.Debug|x64.ActiveCfg = Debug|Any CPU
		{08CEA784-574A-4CFF-885A-D57AF14D58B3}.Debug|x64.Build.0 = Debug|Any CPU
		{08CEA784-574A-4CFF-885A-D57AF14D58B3}.Debug|x86.ActiveCfg = Debug|Any CPU
		{08CEA784-574A-4CFF-885A-D57AF14D58B3}.Debug|x86.Build.0 = Debug|Any CPU
		{08CEA784-574A-4CFF-885A-D57AF14D58B3}.Debug-Mocks|Any CPU.ActiveCfg = Debug-Mocks|Any CPU
		{08CEA784-574A-4CFF-885A-D57AF14D58B3}.Debug-Mocks|Any CPU.Build.0 = Debug-Mocks|Any CPU
		{08CEA784-574A-4CFF-885A-D57AF14D58B3}.Debug-Mocks|ARM.ActiveCfg = Debug-Mocks|Any CPU
		{08CEA784-574A-4CFF-885A-D57AF14D58B3}.Debug-Mocks|ARM.Build.0 = Debug-Mocks|Any CPU
		{08CEA784-574A-4CFF-885A-D57AF14D58B3}.Debug-Mocks|iPhone.ActiveCfg = Debug-Mocks|Any CPU
		{08CEA784-574A-4CFF-885A-D57AF14D58B3}.Debug-Mocks|iPhone.Build.0 = Debug-Mocks|Any CPU
		{08CEA784-574A-4CFF-885A-D57AF14D58B3}.Debug-Mocks|iPhoneSimulator.ActiveCfg = Debug-Mocks|Any CPU
		{08CEA784-574A-4CFF-885A-D57AF14D58B3}.Debug-Mocks|iPhoneSimulator.Build.0 = Debug-Mocks|Any CPU
		{08CEA784-574A-4CFF-885A-D57AF14D58B3}.Debug-Mocks|x64.ActiveCfg = Debug-Mocks|Any CPU
		{08CEA784-574A-4CFF-885A-D57AF14D58B3}.Debug-Mocks|x64.Build.0 = Debug-Mocks|Any CPU
		{08CEA784-574A-4CFF-885A-D57AF14D58B3}.Debug-Mocks|x86.ActiveCfg = Debug-Mocks|Any CPU
		{08CEA784-574A-4CFF-885A-D57AF14D58B3}.Debug-Mocks|x86.Build.0 = Debug-Mocks|Any CPU
		{08CEA784-574A-4CFF-885A-D57AF14D58B3}.Release|Any CPU.ActiveCfg = Release|Any CPU
		{08CEA784-574A-4CFF-885A-D57AF14D58B3}.Release|Any CPU.Build.0 = Release|Any CPU
		{08CEA784-574A-4CFF-885A-D57AF14D58B3}.Release|ARM.ActiveCfg = Release|Any CPU
		{08CEA784-574A-4CFF-885A-D57AF14D58B3}.Release|ARM.Build.0 = Release|Any CPU
		{08CEA784-574A-4CFF-885A-D57AF14D58B3}.Release|iPhone.ActiveCfg = Release|Any CPU
		{08CEA784-574A-4CFF-885A-D57AF14D58B3}.Release|iPhone.Build.0 = Release|Any CPU
		{08CEA784-574A-4CFF-885A-D57AF14D58B3}.Release|iPhoneSimulator.ActiveCfg = Release|Any CPU
		{08CEA784-574A-4CFF-885A-D57AF14D58B3}.Release|iPhoneSimulator.Build.0 = Release|Any CPU
		{08CEA784-574A-4CFF-885A-D57AF14D58B3}.Release|x64.ActiveCfg = Release|Any CPU
		{08CEA784-574A-4CFF-885A-D57AF14D58B3}.Release|x64.Build.0 = Release|Any CPU
		{08CEA784-574A-4CFF-885A-D57AF14D58B3}.Release|x86.ActiveCfg = Release|Any CPU
		{08CEA784-574A-4CFF-885A-D57AF14D58B3}.Release|x86.Build.0 = Release|Any CPU
	EndGlobalSection
	GlobalSection(SolutionProperties) = preSolution
		HideSolutionNode = FALSE
	EndGlobalSection
	GlobalSection(NestedProjects) = preSolution
		{08CEA784-574A-4CFF-885A-D57AF14D58B3} = {43596FB4-1024-46F6-9C09-B92E744FCEE3}
	EndGlobalSection
	GlobalSection(ExtensibilityGlobals) = postSolution
		SolutionGuid = {D4048ACE-D8FC-48D3-AE9B-4817047114D6}
	EndGlobalSection
EndGlobal
